// !$*UTF8*$!
{
	archiveVersion = 1;
	classes = {
	};
	objectVersion = 50;
	objects = {

/* Begin PBXBuildFile section */
		A6630EC8244844C400F82227 /* AppDelegate.swift in Sources */ = {isa = PBXBuildFile; fileRef = A6630EC7244844C400F82227 /* AppDelegate.swift */; };
		A6630ECA244844C400F82227 /* SceneDelegate.swift in Sources */ = {isa = PBXBuildFile; fileRef = A6630EC9244844C400F82227 /* SceneDelegate.swift */; };
		A6630ECC244844C400F82227 /* ViewController.swift in Sources */ = {isa = PBXBuildFile; fileRef = A6630ECB244844C400F82227 /* ViewController.swift */; };
		A6630ECF244844C400F82227 /* Main.storyboard in Resources */ = {isa = PBXBuildFile; fileRef = A6630ECD244844C400F82227 /* Main.storyboard */; };
		A6630ED1244844C400F82227 /* Assets.xcassets in Resources */ = {isa = PBXBuildFile; fileRef = A6630ED0244844C400F82227 /* Assets.xcassets */; };
		A6630ED4244844C400F82227 /* LaunchScreen.storyboard in Resources */ = {isa = PBXBuildFile; fileRef = A6630ED2244844C400F82227 /* LaunchScreen.storyboard */; };
		A6630EDC2448457A00F82227 /* URLSchemeHelper.swift in Sources */ = {isa = PBXBuildFile; fileRef = A6630EDB2448457A00F82227 /* URLSchemeHelper.swift */; };
/* End PBXBuildFile section */

/* Begin PBXFileReference section */
		A6630EC4244844C400F82227 /* mapAppButtonSample.app */ = {isa = PBXFileReference; explicitFileType = wrapper.application; includeInIndex = 0; path = mapAppButtonSample.app; sourceTree = BUILT_PRODUCTS_DIR; };
		A6630EC7244844C400F82227 /* AppDelegate.swift */ = {isa = PBXFileReference; lastKnownFileType = sourcecode.swift; path = AppDelegate.swift; sourceTree = "<group>"; };
		A6630EC9244844C400F82227 /* SceneDelegate.swift */ = {isa = PBXFileReference; lastKnownFileType = sourcecode.swift; path = SceneDelegate.swift; sourceTree = "<group>"; };
		A6630ECB244844C400F82227 /* ViewController.swift */ = {isa = PBXFileReference; lastKnownFileType = sourcecode.swift; path = ViewController.swift; sourceTree = "<group>"; };
		A6630ECE244844C400F82227 /* Base */ = {isa = PBXFileReference; lastKnownFileType = file.storyboard; name = Base; path = Base.lproj/Main.storyboard; sourceTree = "<group>"; };
		A6630ED0244844C400F82227 /* Assets.xcassets */ = {isa = PBXFileReference; lastKnownFileType = folder.assetcatalog; path = Assets.xcassets; sourceTree = "<group>"; };
		A6630ED3244844C400F82227 /* Base */ = {isa = PBXFileReference; lastKnownFileType = file.storyboard; name = Base; path = Base.lproj/LaunchScreen.storyboard; sourceTree = "<group>"; };
		A6630ED5244844C400F82227 /* Info.plist */ = {isa = PBXFileReference; lastKnownFileType = text.plist.xml; path = Info.plist; sourceTree = "<group>"; };
		A6630EDB2448457A00F82227 /* URLSchemeHelper.swift */ = {isa = PBXFileReference; lastKnownFileType = sourcecode.swift; path = URLSchemeHelper.swift; sourceTree = "<group>"; };
/* End PBXFileReference section */

/* Begin PBXFrameworksBuildPhase section */
		A6630EC1244844C400F82227 /* Frameworks */ = {
			isa = PBXFrameworksBuildPhase;
			buildActionMask = 2147483647;
			files = (
			);
			runOnlyForDeploymentPostprocessing = 0;
		};
/* End PBXFrameworksBuildPhase section */

/* Begin PBXGroup section */
		A6630EBB244844C400F82227 = {
			isa = PBXGroup;
			children = (
				A6630EC6244844C400F82227 /* mapAppButtonSample */,
				A6630EC5244844C400F82227 /* Products */,
			);
			sourceTree = "<group>";
		};
		A6630EC5244844C400F82227 /* Products */ = {
			isa = PBXGroup;
			children = (
				A6630EC4244844C400F82227 /* mapAppButtonSample.app */,
			);
			name = Products;
			sourceTree = "<group>";
		};
		A6630EC6244844C400F82227 /* mapAppButtonSample */ = {
			isa = PBXGroup;
			children = (
				A6630EC7244844C400F82227 /* AppDelegate.swift */,
				A6630EC9244844C400F82227 /* SceneDelegate.swift */,
				A6630ECB244844C400F82227 /* ViewController.swift */,
				A6630EDB2448457A00F82227 /* URLSchemeHelper.swift */,
				A6630ECD244844C400F82227 /* Main.storyboard */,
				A6630ED0244844C400F82227 /* Assets.xcassets */,
				A6630ED2244844C400F82227 /* LaunchScreen.storyboard */,
				A6630ED5244844C400F82227 /* Info.plist */,
			);
			path = mapAppButtonSample;
			sourceTree = "<group>";
		};
/* End PBXGroup section */

/* Begin PBXNativeTarget section */
		A6630EC3244844C400F82227 /* mapAppButtonSample */ = {
			isa = PBXNativeTarget;
			buildConfigurationList = A6630ED8244844C400F82227 /* Build configuration list for PBXNativeTarget "mapAppButtonSample" */;
			buildPhases = (
				A6630EC0244844C400F82227 /* Sources */,
				A6630EC1244844C400F82227 /* Frameworks */,
				A6630EC2244844C400F82227 /* Resources */,
			);
			buildRules = (
			);
			dependencies = (
			);
			name = mapAppButtonSample;
			productName = mapAppButtonSample;
			productReference = A6630EC4244844C400F82227 /* mapAppButtonSample.app */;
			productType = "com.apple.product-type.application";
		};
/* End PBXNativeTarget section */

/* Begin PBXProject section */
		A6630EBC244844C400F82227 /* Project object */ = {
			isa = PBXProject;
			attributes = {
				LastSwiftUpdateCheck = 1120;
				LastUpgradeCheck = 1120;
				ORGANIZATIONNAME = satoshi.marumoto;
				TargetAttributes = {
					A6630EC3244844C400F82227 = {
						CreatedOnToolsVersion = 11.2.1;
					};
				};
			};
			buildConfigurationList = A6630EBF244844C400F82227 /* Build configuration list for PBXProject "mapAppButtonSample" */;
			compatibilityVersion = "Xcode 9.3";
			developmentRegion = en;
			hasScannedForEncodings = 0;
			knownRegions = (
				en,
				Base,
			);
			mainGroup = A6630EBB244844C400F82227;
			productRefGroup = A6630EC5244844C400F82227 /* Products */;
			projectDirPath = "";
			projectRoot = "";
			targets = (
				A6630EC3244844C400F82227 /* mapAppButtonSample */,
			);
		};
/* End PBXProject section */

/* Begin PBXResourcesBuildPhase section */
		A6630EC2244844C400F82227 /* Resources */ = {
			isa = PBXResourcesBuildPhase;
			buildActionMask = 2147483647;
			files = (
				A6630ED4244844C400F82227 /* LaunchScreen.storyboard in Resources */,
				A6630ED1244844C400F82227 /* Assets.xcassets in Resources */,
				A6630ECF244844C400F82227 /* Main.storyboard in Resources */,
			);
			runOnlyForDeploymentPostprocessing = 0;
		};
/* End PBXResourcesBuildPhase section */

/* Begin PBXSourcesBuildPhase section */
		A6630EC0244844C400F82227 /* Sources */ = {
			isa = PBXSourcesBuildPhase;
			buildActionMask = 2147483647;
			files = (
				A6630EDC2448457A00F82227 /* URLSchemeHelper.swift in Sources */,
				A6630ECC244844C400F82227 /* ViewController.swift in Sources */,
				A6630EC8244844C400F82227 /* AppDelegate.swift in Sources */,
				A6630ECA244844C400F82227 /* SceneDelegate.swift in Sources */,
			);
			runOnlyForDeploymentPostprocessing = 0;
		};
/* End PBXSourcesBuildPhase section */

/* Begin PBXVariantGroup section */
		A6630ECD244844C400F82227 /* Main.storyboard */ = {
			isa = PBXVariantGroup;
			children = (
				A6630ECE244844C400F82227 /* Base */,
			);
			name = Main.storyboard;
			sourceTree = "<group>";
		};
		A6630ED2244844C400F82227 /* LaunchScreen.storyboard */ = {
			isa = PBXVariantGroup;
			children = (
				A6630ED3244844C400F82227 /* Base */,
			);
			name = LaunchScreen.storyboard;
			sourceTree = "<group>";
		};
/* End PBXVariantGroup section */

/* Begin XCBuildConfiguration section */
		A6630ED6244844C400F82227 /* Debug */ = {
			isa = XCBuildConfiguration;
			buildSettings = {
				ALWAYS_SEARCH_USER_PATHS = NO;
				CLANG_ANALYZER_NONNULL = YES;
				CLANG_ANALYZER_NUMBER_OBJECT_CONVERSION = YES_AGGRESSIVE;
				CLANG_CXX_LANGUAGE_STANDARD = "gnu++14";
				CLANG_CXX_LIBRARY = "libc++";
				CLANG_ENABLE_MODULES = YES;
				CLANG_ENABLE_OBJC_ARC = YES;
				CLANG_ENABLE_OBJC_WEAK = YES;
				CLANG_WARN_BLOCK_CAPTURE_AUTORELEASING = YES;
				CLANG_WARN_BOOL_CONVERSION = YES;
				CLANG_WARN_COMMA = YES;
				CLANG_WARN_CONSTANT_CONVERSION = YES;
				CLANG_WARN_DEPRECATED_OBJC_IMPLEMENTATIONS = YES;
				CLANG_WARN_DIRECT_OBJC_ISA_USAGE = YES_ERROR;
				CLANG_WARN_DOCUMENTATION_COMMENTS = YES;
				CLANG_WARN_EMPTY_BODY = YES;
				CLANG_WARN_ENUM_CONVERSION = YES;
				CLANG_WARN_INFINITE_RECURSION = YES;
				CLANG_WARN_INT_CONVERSION = YES;
				CLANG_WARN_NON_LITERAL_NULL_CONVERSION = YES;
				CLANG_WARN_OBJC_IMPLICIT_RETAIN_SELF = YES;
				CLANG_WARN_OBJC_LITERAL_CONVERSION = YES;
				CLANG_WARN_OBJC_ROOT_CLASS = YES_ERROR;
				CLANG_WARN_RANGE_LOOP_ANALYSIS = YES;
				CLANG_WARN_STRICT_PROTOTYPES = YES;
				CLANG_WARN_SUSPICIOUS_MOVE = YES;
				CLANG_WARN_UNGUARDED_AVAILABILITY = YES_AGGRESSIVE;
				CLANG_WARN_UNREACHABLE_CODE = YES;
				CLANG_WARN__DUPLICATE_METHOD_MATCH = YES;
				COPY_PHASE_STRIP = NO;
				DEBUG_INFORMATION_FORMAT = dwarf;
				ENABLE_STRICT_OBJC_MSGSEND = YES;
				ENABLE_TESTABILITY = YES;
				GCC_C_LANGUAGE_STANDARD = gnu11;
				GCC_DYNAMIC_NO_PIC = NO;
				GCC_NO_COMMON_BLOCKS = YES;
				GCC_OPTIMIZATION_LEVEL = 0;
				GCC_PREPROCESSOR_DEFINITIONS = (
					"DEBUG=1",
					"$(inherited)",
				);
				GCC_WARN_64_TO_32_BIT_CONVERSION = YES;
				GCC_WARN_ABOUT_RETURN_TYPE = YES_ERROR;
				GCC_WARN_UNDECLARED_SELECTOR = YES;
				GCC_WARN_UNINITIALIZED_AUTOS = YES_AGGRESSIVE;
				GCC_WARN_UNUSED_FUNCTION = YES;
				GCC_WARN_UNUSED_VARIABLE = YES;
				IPHONEOS_DEPLOYMENT_TARGET = 13.2;
				MTL_ENABLE_DEBUG_INFO = INCLUDE_SOURCE;
				MTL_FAST_MATH = YES;
				ONLY_ACTIVE_ARCH = YES;
				SDKROOT = iphoneos;
				SWIFT_ACTIVE_COMPILATION_CONDITIONS = DEBUG;
				SWIFT_OPTIMIZATION_LEVEL = "-Onone";
			};
			name = Debug;
		};
		A6630ED7244844C400F82227 /* Release */ = {
			isa = XCBuildConfiguration;
			buildSettings = {
				ALWAYS_SEARCH_USER_PATHS = NO;
				CLANG_ANALYZER_NONNULL = YES;
				CLANG_ANALYZER_NUMBER_OBJECT_CONVERSION = YES_AGGRESSIVE;
				CLANG_CXX_LANGUAGE_STANDARD = "gnu++14";
				CLANG_CXX_LIBRARY = "libc++";
				CLANG_ENABLE_MODULES = YES;
				CLANG_ENABLE_OBJC_ARC = YES;
				CLANG_ENABLE_OBJC_WEAK = YES;
				CLANG_WARN_BLOCK_CAPTURE_AUTORELEASING = YES;
				CLANG_WARN_BOOL_CONVERSION = YES;
				CLANG_WARN_COMMA = YES;
				CLANG_WARN_CONSTANT_CONVERSION = YES;
				CLANG_WARN_DEPRECATED_OBJC_IMPLEMENTATIONS = YES;
				CLANG_WARN_DIRECT_OBJC_ISA_USAGE = YES_ERROR;
				CLANG_WARN_DOCUMENTATION_COMMENTS = YES;
				CLANG_WARN_EMPTY_BODY = YES;
				CLANG_WARN_ENUM_CONVERSION = YES;
				CLANG_WARN_INFINITE_RECURSION = YES;
				CLANG_WARN_INT_CONVERSION = YES;
				CLANG_WARN_NON_LITERAL_NULL_CONVERSION = YES;
				CLANG_WARN_OBJC_IMPLICIT_RETAIN_SELF = YES;
				CLANG_WARN_OBJC_LITERAL_CONVERSION = YES;
				CLANG_WARN_OBJC_ROOT_CLASS = YES_ERROR;
				CLANG_WARN_RANGE_LOOP_ANALYSIS = YES;
				CLANG_WARN_STRICT_PROTOTYPES = YES;
				CLANG_WARN_SUSPICIOUS_MOVE = YES;
				CLANG_WARN_UNGUARDED_AVAILABILITY = YES_AGGRESSIVE;
				CLANG_WARN_UNREACHABLE_CODE = YES;
				CLANG_WARN__DUPLICATE_METHOD_MATCH = YES;
				COPY_PHASE_STRIP = NO;
				DEBUG_INFORMATION_FORMAT = "dwarf-with-dsym";
				ENABLE_NS_ASSERTIONS = NO;
				ENABLE_STRICT_OBJC_MSGSEND = YES;
				GCC_C_LANGUAGE_STANDARD = gnu11;
				GCC_NO_COMMON_BLOCKS = YES;
				GCC_WARN_64_TO_32_BIT_CONVERSION = YES;
				GCC_WARN_ABOUT_RETURN_TYPE = YES_ERROR;
				GCC_WARN_UNDECLARED_SELECTOR = YES;
				GCC_WARN_UNINITIALIZED_AUTOS = YES_AGGRESSIVE;
				GCC_WARN_UNUSED_FUNCTION = YES;
				GCC_WARN_UNUSED_VARIABLE = YES;
				IPHONEOS_DEPLOYMENT_TARGET = 13.2;
				MTL_ENABLE_DEBUG_INFO = NO;
				MTL_FAST_MATH = YES;
				SDKROOT = iphoneos;
				SWIFT_COMPILATION_MODE = wholemodule;
				SWIFT_OPTIMIZATION_LEVEL = "-O";
				VALIDATE_PRODUCT = YES;
			};
			name = Release;
		};
		A6630ED9244844C400F82227 /* Debug */ = {
			isa = XCBuildConfiguration;
			buildSettings = {
				ASSETCATALOG_COMPILER_APPICON_NAME = AppIcon;
				CODE_SIGN_STYLE = Automatic;
				DEVELOPMENT_TEAM = YN4564NF9M;
				INFOPLIST_FILE = mapAppButtonSample/Info.plist;
				LD_RUNPATH_SEARCH_PATHS = (
					"$(inherited)",
					"@executable_path/Frameworks",
				);
				PRODUCT_BUNDLE_IDENTIFIER = satoshi.marumoto.mapAppButtonSample;
				PRODUCT_NAME = "$(TARGET_NAME)";
				SWIFT_VERSION = 5.0;
				TARGETED_DEVICE_FAMILY = "1,2";
			};
			name = Debug;
		};
		A6630EDA244844C400F82227 /* Release */ = {
			isa = XCBuildConfiguration;
			buildSettings = {
				ASSETCATALOG_COMPILER_APPICON_NAME = AppIcon;
				CODE_SIGN_STYLE = Automatic;
				DEVELOPMENT_TEAM = YN4564NF9M;
				INFOPLIST_FILE = mapAppButtonSample/Info.plist;
				LD_RUNPATH_SEARCH_PATHS = (
					"$(inherited)",
					"@executable_path/Frameworks",
				);
				PRODUCT_BUNDLE_IDENTIFIER = satoshi.marumoto.mapAppButtonSample;
				PRODUCT_NAME = "$(TARGET_NAME)";
				SWIFT_VERSION = 5.0;
				TARGETED_DEVICE_FAMILY = "1,2";
			};
			name = Release;
		};
/* End XCBuildConfiguration section */

/* Begin XCConfigurationList section */
		A6630EBF244844C400F82227 /* Build configuration list for PBXProject "mapAppButtonSample" */ = {
			isa = XCConfigurationList;
			buildConfigurations = (
				A6630ED6244844C400F82227 /* Debug */,
				A6630ED7244844C400F82227 /* Release */,
			);
			defaultConfigurationIsVisible = 0;
			defaultConfigurationName = Release;
		};
		A6630ED8244844C400F82227 /* Build configuration list for PBXNativeTarget "mapAppButtonSample" */ = {
			isa = XCConfigurationList;
			buildConfigurations = (
				A6630ED9244844C400F82227 /* Debug */,
				A6630EDA244844C400F82227 /* Release */,
			);
			defaultConfigurationIsVisible = 0;
			defaultConfigurationName = Release;
		};
/* End XCConfigurationList section */
	};
	rootObject = A6630EBC244844C400F82227 /* Project object */;
}
